// !$*UTF8*$!
{
	archiveVersion = 1;
	classes = {
	};
	objectVersion = 54;
	objects = {

/* Begin PBXBuildFile section */
		377121C026E2686300282BCF /* AppDelegate.swift in Sources */ = {isa = PBXBuildFile; fileRef = 377121BF26E2686300282BCF /* AppDelegate.swift */; };
		377121C226E2686300282BCF /* ViewController.swift in Sources */ = {isa = PBXBuildFile; fileRef = 377121C126E2686300282BCF /* ViewController.swift */; };
		377121C426E2686400282BCF /* Assets.xcassets in Resources */ = {isa = PBXBuildFile; fileRef = 377121C326E2686400282BCF /* Assets.xcassets */; };
		377121C726E2686400282BCF /* Main.storyboard in Resources */ = {isa = PBXBuildFile; fileRef = 377121C526E2686400282BCF /* Main.storyboard */; };
		377121D326E2686400282BCF /* treeview1Tests.swift in Sources */ = {isa = PBXBuildFile; fileRef = 377121D226E2686400282BCF /* treeview1Tests.swift */; };
		377121DE26E2686400282BCF /* treeview1UITests.swift in Sources */ = {isa = PBXBuildFile; fileRef = 377121DD26E2686400282BCF /* treeview1UITests.swift */; };
		377121EC26E2691800282BCF /* Node.swift in Sources */ = {isa = PBXBuildFile; fileRef = 377121EB26E2691800282BCF /* Node.swift */; };
/* End PBXBuildFile section */

/* Begin PBXContainerItemProxy section */
		377121CF26E2686400282BCF /* PBXContainerItemProxy */ = {
			isa = PBXContainerItemProxy;
			containerPortal = 377121B426E2686300282BCF /* Project object */;
			proxyType = 1;
			remoteGlobalIDString = 377121BB26E2686300282BCF;
			remoteInfo = treeview1;
		};
		377121DA26E2686400282BCF /* PBXContainerItemProxy */ = {
			isa = PBXContainerItemProxy;
			containerPortal = 377121B426E2686300282BCF /* Project object */;
			proxyType = 1;
			remoteGlobalIDString = 377121BB26E2686300282BCF;
			remoteInfo = treeview1;
		};
/* End PBXContainerItemProxy section */

/* Begin PBXFileReference section */
		377121BC26E2686300282BCF /* treeview1.app */ = {isa = PBXFileReference; explicitFileType = wrapper.application; includeInIndex = 0; path = treeview1.app; sourceTree = BUILT_PRODUCTS_DIR; };
		377121BF26E2686300282BCF /* AppDelegate.swift */ = {isa = PBXFileReference; lastKnownFileType = sourcecode.swift; path = AppDelegate.swift; sourceTree = "<group>"; };
		377121C126E2686300282BCF /* ViewController.swift */ = {isa = PBXFileReference; lastKnownFileType = sourcecode.swift; path = ViewController.swift; sourceTree = "<group>"; };
		377121C326E2686400282BCF /* Assets.xcassets */ = {isa = PBXFileReference; lastKnownFileType = folder.assetcatalog; path = Assets.xcassets; sourceTree = "<group>"; };
		377121C626E2686400282BCF /* Base */ = {isa = PBXFileReference; lastKnownFileType = file.storyboard; name = Base; path = Base.lproj/Main.storyboard; sourceTree = "<group>"; };
		377121C826E2686400282BCF /* Info.plist */ = {isa = PBXFileReference; lastKnownFileType = text.plist.xml; path = Info.plist; sourceTree = "<group>"; };
		377121C926E2686400282BCF /* treeview1.entitlements */ = {isa = PBXFileReference; lastKnownFileType = text.plist.entitlements; path = treeview1.entitlements; sourceTree = "<group>"; };
		377121CE26E2686400282BCF /* treeview1Tests.xctest */ = {isa = PBXFileReference; explicitFileType = wrapper.cfbundle; includeInIndex = 0; path = treeview1Tests.xctest; sourceTree = BUILT_PRODUCTS_DIR; };
		377121D226E2686400282BCF /* treeview1Tests.swift */ = {isa = PBXFileReference; lastKnownFileType = sourcecode.swift; path = treeview1Tests.swift; sourceTree = "<group>"; };
		377121D426E2686400282BCF /* Info.plist */ = {isa = PBXFileReference; lastKnownFileType = text.plist.xml; path = Info.plist; sourceTree = "<group>"; };
		377121D926E2686400282BCF /* treeview1UITests.xctest */ = {isa = PBXFileReference; explicitFileType = wrapper.cfbundle; includeInIndex = 0; path = treeview1UITests.xctest; sourceTree = BUILT_PRODUCTS_DIR; };
		377121DD26E2686400282BCF /* treeview1UITests.swift */ = {isa = PBXFileReference; lastKnownFileType = sourcecode.swift; path = treeview1UITests.swift; sourceTree = "<group>"; };
		377121DF26E2686400282BCF /* Info.plist */ = {isa = PBXFileReference; lastKnownFileType = text.plist.xml; path = Info.plist; sourceTree = "<group>"; };
		377121EB26E2691800282BCF /* Node.swift */ = {isa = PBXFileReference; lastKnownFileType = sourcecode.swift; path = Node.swift; sourceTree = "<group>"; };
/* End PBXFileReference section */

/* Begin PBXFrameworksBuildPhase section */
		377121B926E2686300282BCF /* Frameworks */ = {
			isa = PBXFrameworksBuildPhase;
			buildActionMask = 2147483647;
			files = (
			);
			runOnlyForDeploymentPostprocessing = 0;
		};
		377121CB26E2686400282BCF /* Frameworks */ = {
			isa = PBXFrameworksBuildPhase;
			buildActionMask = 2147483647;
			files = (
			);
			runOnlyForDeploymentPostprocessing = 0;
		};
		377121D626E2686400282BCF /* Frameworks */ = {
			isa = PBXFrameworksBuildPhase;
			buildActionMask = 2147483647;
			files = (
			);
			runOnlyForDeploymentPostprocessing = 0;
		};
/* End PBXFrameworksBuildPhase section */

/* Begin PBXGroup section */
		377121B326E2686300282BCF = {
			isa = PBXGroup;
			children = (
				377121BE26E2686300282BCF /* treeview1 */,
				377121D126E2686400282BCF /* treeview1Tests */,
				377121DC26E2686400282BCF /* treeview1UITests */,
				377121BD26E2686300282BCF /* Products */,
			);
			sourceTree = "<group>";
		};
		377121BD26E2686300282BCF /* Products */ = {
			isa = PBXGroup;
			children = (
				377121BC26E2686300282BCF /* treeview1.app */,
				377121CE26E2686400282BCF /* treeview1Tests.xctest */,
				377121D926E2686400282BCF /* treeview1UITests.xctest */,
			);
			name = Products;
			sourceTree = "<group>";
		};
		377121BE26E2686300282BCF /* treeview1 */ = {
			isa = PBXGroup;
			children = (
				377121BF26E2686300282BCF /* AppDelegate.swift */,
				377121C126E2686300282BCF /* ViewController.swift */,
				377121EB26E2691800282BCF /* Node.swift */,
				377121C326E2686400282BCF /* Assets.xcassets */,
				377121C526E2686400282BCF /* Main.storyboard */,
				377121C826E2686400282BCF /* Info.plist */,
				377121C926E2686400282BCF /* treeview1.entitlements */,
			);
			path = treeview1;
			sourceTree = "<group>";
		};
		377121D126E2686400282BCF /* treeview1Tests */ = {
			isa = PBXGroup;
			children = (
				377121D226E2686400282BCF /* treeview1Tests.swift */,
				377121D426E2686400282BCF /* Info.plist */,
			);
			path = treeview1Tests;
			sourceTree = "<group>";
		};
		377121DC26E2686400282BCF /* treeview1UITests */ = {
			isa = PBXGroup;
			children = (
				377121DD26E2686400282BCF /* treeview1UITests.swift */,
				377121DF26E2686400282BCF /* Info.plist */,
			);
			path = treeview1UITests;
			sourceTree = "<group>";
		};
/* End PBXGroup section */

/* Begin PBXNativeTarget section */
		377121BB26E2686300282BCF /* treeview1 */ = {
			isa = PBXNativeTarget;
			buildConfigurationList = 377121E226E2686400282BCF /* Build configuration list for PBXNativeTarget "treeview1" */;
			buildPhases = (
				377121B826E2686300282BCF /* Sources */,
				377121B926E2686300282BCF /* Frameworks */,
				377121BA26E2686300282BCF /* Resources */,
			);
			buildRules = (
			);
			dependencies = (
			);
			name = treeview1;
			productName = treeview1;
			productReference = 377121BC26E2686300282BCF /* treeview1.app */;
			productType = "com.apple.product-type.application";
		};
		377121CD26E2686400282BCF /* treeview1Tests */ = {
			isa = PBXNativeTarget;
			buildConfigurationList = 377121E526E2686400282BCF /* Build configuration list for PBXNativeTarget "treeview1Tests" */;
			buildPhases = (
				377121CA26E2686400282BCF /* Sources */,
				377121CB26E2686400282BCF /* Frameworks */,
				377121CC26E2686400282BCF /* Resources */,
			);
			buildRules = (
			);
			dependencies = (
				377121D026E2686400282BCF /* PBXTargetDependency */,
			);
			name = treeview1Tests;
			productName = treeview1Tests;
			productReference = 377121CE26E2686400282BCF /* treeview1Tests.xctest */;
			productType = "com.apple.product-type.bundle.unit-test";
		};
		377121D826E2686400282BCF /* treeview1UITests */ = {
			isa = PBXNativeTarget;
			buildConfigurationList = 377121E826E2686400282BCF /* Build configuration list for PBXNativeTarget "treeview1UITests" */;
			buildPhases = (
				377121D526E2686400282BCF /* Sources */,
				377121D626E2686400282BCF /* Frameworks */,
				377121D726E2686400282BCF /* Resources */,
			);
			buildRules = (
			);
			dependencies = (
				377121DB26E2686400282BCF /* PBXTargetDependency */,
			);
			name = treeview1UITests;
			productName = treeview1UITests;
			productReference = 377121D926E2686400282BCF /* treeview1UITests.xctest */;
			productType = "com.apple.product-type.bundle.ui-testing";
		};
/* End PBXNativeTarget section */

/* Begin PBXProject section */
		377121B426E2686300282BCF /* Project object */ = {
			isa = PBXProject;
			attributes = {
				LastSwiftUpdateCheck = 1250;
				LastUpgradeCheck = 1250;
				TargetAttributes = {
					377121BB26E2686300282BCF = {
						CreatedOnToolsVersion = 12.5.1;
					};
					377121CD26E2686400282BCF = {
						CreatedOnToolsVersion = 12.5.1;
						TestTargetID = 377121BB26E2686300282BCF;
					};
					377121D826E2686400282BCF = {
						CreatedOnToolsVersion = 12.5.1;
						TestTargetID = 377121BB26E2686300282BCF;
					};
				};
			};
			buildConfigurationList = 377121B726E2686300282BCF /* Build configuration list for PBXProject "treeview1" */;
			compatibilityVersion = "Xcode 12.0";
			developmentRegion = en;
			hasScannedForEncodings = 0;
			knownRegions = (
				en,
				Base,
			);
			mainGroup = 377121B326E2686300282BCF;
			productRefGroup = 377121BD26E2686300282BCF /* Products */;
			projectDirPath = "";
			projectRoot = "";
			targets = (
				377121BB26E2686300282BCF /* treeview1 */,
				377121CD26E2686400282BCF /* treeview1Tests */,
				377121D826E2686400282BCF /* treeview1UITests */,
			);
		};
/* End PBXProject section */

/* Begin PBXResourcesBuildPhase section */
		377121BA26E2686300282BCF /* Resources */ = {
			isa = PBXResourcesBuildPhase;
			buildActionMask = 2147483647;
			files = (
				377121C426E2686400282BCF /* Assets.xcassets in Resources */,
				377121C726E2686400282BCF /* Main.storyboard in Resources */,
			);
			runOnlyForDeploymentPostprocessing = 0;
		};
		377121CC26E2686400282BCF /* Resources */ = {
			isa = PBXResourcesBuildPhase;
			buildActionMask = 2147483647;
			files = (
			);
			runOnlyForDeploymentPostprocessing = 0;
		};
		377121D726E2686400282BCF /* Resources */ = {
			isa = PBXResourcesBuildPhase;
			buildActionMask = 2147483647;
			files = (
			);
			runOnlyForDeploymentPostprocessing = 0;
		};
/* End PBXResourcesBuildPhase section */

/* Begin PBXSourcesBuildPhase section */
		377121B826E2686300282BCF /* Sources */ = {
			isa = PBXSourcesBuildPhase;
			buildActionMask = 2147483647;
			files = (
				377121EC26E2691800282BCF /* Node.swift in Sources */,
				377121C226E2686300282BCF /* ViewController.swift in Sources */,
				377121C026E2686300282BCF /* AppDelegate.swift in Sources */,
			);
			runOnlyForDeploymentPostprocessing = 0;
		};
		377121CA26E2686400282BCF /* Sources */ = {
			isa = PBXSourcesBuildPhase;
			buildActionMask = 2147483647;
			files = (
				377121D326E2686400282BCF /* treeview1Tests.swift in Sources */,
			);
			runOnlyForDeploymentPostprocessing = 0;
		};
		377121D526E2686400282BCF /* Sources */ = {
			isa = PBXSourcesBuildPhase;
			buildActionMask = 2147483647;
			files = (
				377121DE26E2686400282BCF /* treeview1UITests.swift in Sources */,
			);
			runOnlyForDeploymentPostprocessing = 0;
		};
/* End PBXSourcesBuildPhase section */

/* Begin PBXTargetDependency section */
		377121D026E2686400282BCF /* PBXTargetDependency */ = {
			isa = PBXTargetDependency;
			target = 377121BB26E2686300282BCF /* treeview1 */;
			targetProxy = 377121CF26E2686400282BCF /* PBXContainerItemProxy */;
		};
		377121DB26E2686400282BCF /* PBXTargetDependency */ = {
			isa = PBXTargetDependency;
			target = 377121BB26E2686300282BCF /* treeview1 */;
			targetProxy = 377121DA26E2686400282BCF /* PBXContainerItemProxy */;
		};
/* End PBXTargetDependency section */

/* Begin PBXVariantGroup section */
		377121C526E2686400282BCF /* Main.storyboard */ = {
			isa = PBXVariantGroup;
			children = (
				377121C626E2686400282BCF /* Base */,
			);
			name = Main.storyboard;
			sourceTree = "<group>";
		};
/* End PBXVariantGroup section */

/* Begin XCBuildConfiguration section */
		377121E026E2686400282BCF /* Debug */ = {
			isa = XCBuildConfiguration;
			buildSettings = {
				ALWAYS_SEARCH_USER_PATHS = NO;
				CLANG_ANALYZER_NONNULL = YES;
				CLANG_ANALYZER_NUMBER_OBJECT_CONVERSION = YES_AGGRESSIVE;
				CLANG_CXX_LANGUAGE_STANDARD = "gnu++14";
				CLANG_CXX_LIBRARY = "libc++";
				CLANG_ENABLE_MODULES = YES;
				CLANG_ENABLE_OBJC_ARC = YES;
				CLANG_ENABLE_OBJC_WEAK = YES;
				CLANG_WARN_BLOCK_CAPTURE_AUTORELEASING = YES;
				CLANG_WARN_BOOL_CONVERSION = YES;
				CLANG_WARN_COMMA = YES;
				CLANG_WARN_CONSTANT_CONVERSION = YES;
				CLANG_WARN_DEPRECATED_OBJC_IMPLEMENTATIONS = YES;
				CLANG_WARN_DIRECT_OBJC_ISA_USAGE = YES_ERROR;
				CLANG_WARN_DOCUMENTATION_COMMENTS = YES;
				CLANG_WARN_EMPTY_BODY = YES;
				CLANG_WARN_ENUM_CONVERSION = YES;
				CLANG_WARN_INFINITE_RECURSION = YES;
				CLANG_WARN_INT_CONVERSION = YES;
				CLANG_WARN_NON_LITERAL_NULL_CONVERSION = YES;
				CLANG_WARN_OBJC_IMPLICIT_RETAIN_SELF = YES;
				CLANG_WARN_OBJC_LITERAL_CONVERSION = YES;
				CLANG_WARN_OBJC_ROOT_CLASS = YES_ERROR;
				CLANG_WARN_QUOTED_INCLUDE_IN_FRAMEWORK_HEADER = YES;
				CLANG_WARN_RANGE_LOOP_ANALYSIS = YES;
				CLANG_WARN_STRICT_PROTOTYPES = YES;
				CLANG_WARN_SUSPICIOUS_MOVE = YES;
				CLANG_WARN_UNGUARDED_AVAILABILITY = YES_AGGRESSIVE;
				CLANG_WARN_UNREACHABLE_CODE = YES;
				CLANG_WARN__DUPLICATE_METHOD_MATCH = YES;
				COPY_PHASE_STRIP = NO;
				DEBUG_INFORMATION_FORMAT = dwarf;
				ENABLE_STRICT_OBJC_MSGSEND = YES;
				ENABLE_TESTABILITY = YES;
				GCC_C_LANGUAGE_STANDARD = gnu11;
				GCC_DYNAMIC_NO_PIC = NO;
				GCC_NO_COMMON_BLOCKS = YES;
				GCC_OPTIMIZATION_LEVEL = 0;
				GCC_PREPROCESSOR_DEFINITIONS = (
					"DEBUG=1",
					"$(inherited)",
				);
				GCC_WARN_64_TO_32_BIT_CONVERSION = YES;
				GCC_WARN_ABOUT_RETURN_TYPE = YES_ERROR;
				GCC_WARN_UNDECLARED_SELECTOR = YES;
				GCC_WARN_UNINITIALIZED_AUTOS = YES_AGGRESSIVE;
				GCC_WARN_UNUSED_FUNCTION = YES;
				GCC_WARN_UNUSED_VARIABLE = YES;
				MACOSX_DEPLOYMENT_TARGET = 11.3;
				MTL_ENABLE_DEBUG_INFO = INCLUDE_SOURCE;
				MTL_FAST_MATH = YES;
				ONLY_ACTIVE_ARCH = YES;
				SDKROOT = macosx;
				SWIFT_ACTIVE_COMPILATION_CONDITIONS = DEBUG;
				SWIFT_OPTIMIZATION_LEVEL = "-Onone";
			};
			name = Debug;
		};
		377121E126E2686400282BCF /* Release */ = {
			isa = XCBuildConfiguration;
			buildSettings = {
				ALWAYS_SEARCH_USER_PATHS = NO;
				CLANG_ANALYZER_NONNULL = YES;
				CLANG_ANALYZER_NUMBER_OBJECT_CONVERSION = YES_AGGRESSIVE;
				CLANG_CXX_LANGUAGE_STANDARD = "gnu++14";
				CLANG_CXX_LIBRARY = "libc++";
				CLANG_ENABLE_MODULES = YES;
				CLANG_ENABLE_OBJC_ARC = YES;
				CLANG_ENABLE_OBJC_WEAK = YES;
				CLANG_WARN_BLOCK_CAPTURE_AUTORELEASING = YES;
				CLANG_WARN_BOOL_CONVERSION = YES;
				CLANG_WARN_COMMA = YES;
				CLANG_WARN_CONSTANT_CONVERSION = YES;
				CLANG_WARN_DEPRECATED_OBJC_IMPLEMENTATIONS = YES;
				CLANG_WARN_DIRECT_OBJC_ISA_USAGE = YES_ERROR;
				CLANG_WARN_DOCUMENTATION_COMMENTS = YES;
				CLANG_WARN_EMPTY_BODY = YES;
				CLANG_WARN_ENUM_CONVERSION = YES;
				CLANG_WARN_INFINITE_RECURSION = YES;
				CLANG_WARN_INT_CONVERSION = YES;
				CLANG_WARN_NON_LITERAL_NULL_CONVERSION = YES;
				CLANG_WARN_OBJC_IMPLICIT_RETAIN_SELF = YES;
				CLANG_WARN_OBJC_LITERAL_CONVERSION = YES;
				CLANG_WARN_OBJC_ROOT_CLASS = YES_ERROR;
				CLANG_WARN_QUOTED_INCLUDE_IN_FRAMEWORK_HEADER = YES;
				CLANG_WARN_RANGE_LOOP_ANALYSIS = YES;
				CLANG_WARN_STRICT_PROTOTYPES = YES;
				CLANG_WARN_SUSPICIOUS_MOVE = YES;
				CLANG_WARN_UNGUARDED_AVAILABILITY = YES_AGGRESSIVE;
				CLANG_WARN_UNREACHABLE_CODE = YES;
				CLANG_WARN__DUPLICATE_METHOD_MATCH = YES;
				COPY_PHASE_STRIP = NO;
				DEBUG_INFORMATION_FORMAT = "dwarf-with-dsym";
				ENABLE_NS_ASSERTIONS = NO;
				ENABLE_STRICT_OBJC_MSGSEND = YES;
				GCC_C_LANGUAGE_STANDARD = gnu11;
				GCC_NO_COMMON_BLOCKS = YES;
				GCC_WARN_64_TO_32_BIT_CONVERSION = YES;
				GCC_WARN_ABOUT_RETURN_TYPE = YES_ERROR;
				GCC_WARN_UNDECLARED_SELECTOR = YES;
				GCC_WARN_UNINITIALIZED_AUTOS = YES_AGGRESSIVE;
				GCC_WARN_UNUSED_FUNCTION = YES;
				GCC_WARN_UNUSED_VARIABLE = YES;
				MACOSX_DEPLOYMENT_TARGET = 11.3;
				MTL_ENABLE_DEBUG_INFO = NO;
				MTL_FAST_MATH = YES;
				SDKROOT = macosx;
				SWIFT_COMPILATION_MODE = wholemodule;
				SWIFT_OPTIMIZATION_LEVEL = "-O";
			};
			name = Release;
		};
		377121E326E2686400282BCF /* Debug */ = {
			isa = XCBuildConfiguration;
			buildSettings = {
				ASSETCATALOG_COMPILER_APPICON_NAME = AppIcon;
				ASSETCATALOG_COMPILER_GLOBAL_ACCENT_COLOR_NAME = AccentColor;
				CODE_SIGN_ENTITLEMENTS = treeview1/treeview1.entitlements;
				CODE_SIGN_STYLE = Automatic;
				COMBINE_HIDPI_IMAGES = YES;
				DEVELOPMENT_TEAM = MD7FZBNW84;
				ENABLE_HARDENED_RUNTIME = NO;
				INFOPLIST_FILE = treeview1/Info.plist;
				LD_RUNPATH_SEARCH_PATHS = (
					"$(inherited)",
					"@executable_path/../Frameworks",
				);
				PRODUCT_BUNDLE_IDENTIFIER = goasic.treeview1;
				PRODUCT_NAME = "$(TARGET_NAME)";
				SWIFT_VERSION = 5.0;
			};
			name = Debug;
		};
		377121E426E2686400282BCF /* Release */ = {
			isa = XCBuildConfiguration;
			buildSettings = {
				ASSETCATALOG_COMPILER_APPICON_NAME = AppIcon;
				ASSETCATALOG_COMPILER_GLOBAL_ACCENT_COLOR_NAME = AccentColor;
				CODE_SIGN_ENTITLEMENTS = treeview1/treeview1.entitlements;
				CODE_SIGN_STYLE = Automatic;
				COMBINE_HIDPI_IMAGES = YES;
				DEVELOPMENT_TEAM = MD7FZBNW84;
				ENABLE_HARDENED_RUNTIME = NO;
				INFOPLIST_FILE = treeview1/Info.plist;
				LD_RUNPATH_SEARCH_PATHS = (
					"$(inherited)",
					"@executable_path/../Frameworks",
				);
				PRODUCT_BUNDLE_IDENTIFIER = goasic.treeview1;
				PRODUCT_NAME = "$(TARGET_NAME)";
				SWIFT_VERSION = 5.0;
			};
			name = Release;
		};
		377121E626E2686400282BCF /* Debug */ = {
			isa = XCBuildConfiguration;
			buildSettings = {
				ALWAYS_EMBED_SWIFT_STANDARD_LIBRARIES = YES;
				BUNDLE_LOADER = "$(TEST_HOST)";
				CODE_SIGN_STYLE = Automatic;
				COMBINE_HIDPI_IMAGES = YES;
				DEVELOPMENT_TEAM = MD7FZBNW84;
				INFOPLIST_FILE = treeview1Tests/Info.plist;
				LD_RUNPATH_SEARCH_PATHS = (
					"$(inherited)",
					"@executable_path/../Frameworks",
					"@loader_path/../Frameworks",
				);
				MACOSX_DEPLOYMENT_TARGET = 11.3;
				PRODUCT_BUNDLE_IDENTIFIER = goasic.treeview1Tests;
				PRODUCT_NAME = "$(TARGET_NAME)";
				SWIFT_VERSION = 5.0;
				TEST_HOST = "$(BUILT_PRODUCTS_DIR)/treeview1.app/Contents/MacOS/treeview1";
			};
			name = Debug;
		};
		377121E726E2686400282BCF /* Release */ = {
			isa = XCBuildConfiguration;
			buildSettings = {
				ALWAYS_EMBED_SWIFT_STANDARD_LIBRARIES = YES;
				BUNDLE_LOADER = "$(TEST_HOST)";
				CODE_SIGN_STYLE = Automatic;
				COMBINE_HIDPI_IMAGES = YES;
				DEVELOPMENT_TEAM = MD7FZBNW84;
				INFOPLIST_FILE = treeview1Tests/Info.plist;
				LD_RUNPATH_SEARCH_PATHS = (
					"$(inherited)",
					"@executable_path/../Frameworks",
					"@loader_path/../Frameworks",
				);
				MACOSX_DEPLOYMENT_TARGET = 11.3;
				PRODUCT_BUNDLE_IDENTIFIER = goasic.treeview1Tests;
				PRODUCT_NAME = "$(TARGET_NAME)";
				SWIFT_VERSION = 5.0;
				TEST_HOST = "$(BUILT_PRODUCTS_DIR)/treeview1.app/Contents/MacOS/treeview1";
			};
			name = Release;
		};
		377121E926E2686400282BCF /* Debug */ = {
			isa = XCBuildConfiguration;
			buildSettings = {
				ALWAYS_EMBED_SWIFT_STANDARD_LIBRARIES = YES;
				CODE_SIGN_STYLE = Automatic;
				COMBINE_HIDPI_IMAGES = YES;
				DEVELOPMENT_TEAM = MD7FZBNW84;
				INFOPLIST_FILE = treeview1UITests/Info.plist;
				LD_RUNPATH_SEARCH_PATHS = (
					"$(inherited)",
					"@executable_path/../Frameworks",
					"@loader_path/../Frameworks",
				);
				PRODUCT_BUNDLE_IDENTIFIER = goasic.treeview1UITests;
				PRODUCT_NAME = "$(TARGET_NAME)";
				SWIFT_VERSION = 5.0;
				TEST_TARGET_NAME = treeview1;
			};
			name = Debug;
		};
		377121EA26E2686400282BCF /* Release */ = {
			isa = XCBuildConfiguration;
			buildSettings = {
				ALWAYS_EMBED_SWIFT_STANDARD_LIBRARIES = YES;
				CODE_SIGN_STYLE = Automatic;
				COMBINE_HIDPI_IMAGES = YES;
				DEVELOPMENT_TEAM = MD7FZBNW84;
				INFOPLIST_FILE = treeview1UITests/Info.plist;
				LD_RUNPATH_SEARCH_PATHS = (
					"$(inherited)",
					"@executable_path/../Frameworks",
					"@loader_path/../Frameworks",
				);
				PRODUCT_BUNDLE_IDENTIFIER = goasic.treeview1UITests;
				PRODUCT_NAME = "$(TARGET_NAME)";
				SWIFT_VERSION = 5.0;
				TEST_TARGET_NAME = treeview1;
			};
			name = Release;
		};
/* End XCBuildConfiguration section */

/* Begin XCConfigurationList section */
		377121B726E2686300282BCF /* Build configuration list for PBXProject "treeview1" */ = {
			isa = XCConfigurationList;
			buildConfigurations = (
				377121E026E2686400282BCF /* Debug */,
				377121E126E2686400282BCF /* Release */,
			);
			defaultConfigurationIsVisible = 0;
			defaultConfigurationName = Release;
		};
		377121E226E2686400282BCF /* Build configuration list for PBXNativeTarget "treeview1" */ = {
			isa = XCConfigurationList;
			buildConfigurations = (
				377121E326E2686400282BCF /* Debug */,
				377121E426E2686400282BCF /* Release */,
			);
			defaultConfigurationIsVisible = 0;
			defaultConfigurationName = Release;
		};
		377121E526E2686400282BCF /* Build configuration list for PBXNativeTarget "treeview1Tests" */ = {
			isa = XCConfigurationList;
			buildConfigurations = (
				377121E626E2686400282BCF /* Debug */,
				377121E726E2686400282BCF /* Release */,
			);
			defaultConfigurationIsVisible = 0;
			defaultConfigurationName = Release;
		};
		377121E826E2686400282BCF /* Build configuration list for PBXNativeTarget "treeview1UITests" */ = {
			isa = XCConfigurationList;
			buildConfigurations = (
				377121E926E2686400282BCF /* Debug */,
				377121EA26E2686400282BCF /* Release */,
			);
			defaultConfigurationIsVisible = 0;
			defaultConfigurationName = Release;
		};
/* End XCConfigurationList section */
	};
	rootObject = 377121B426E2686300282BCF /* Project object */;
}
